
Microsoft Visual Studio Solution File, Format Version 11.00
# Visual Studio 2010
Project("{8BC9CEB8-8B4A-11D0-8D11-00A0C91BC942}") = "NBGL", "NBGL.vcxproj", "{C95392C2-A3DD-4E4B-AFD0-2911B9B950EB}"
EndProject
Global
	GlobalSection(SolutionConfigurationPlatforms) = preSolution
		Debug|Win32 = Debug|Win32
		Release|Win32 = Release|Win32
	EndGlobalSection
	GlobalSection(ProjectConfigurationPlatforms) = postSolution
		{C95392C2-A3DD-4E4B-AFD0-2911B9B950EB}.Debug|Win32.ActiveCfg = Debug|Win32
		{C95392C2-A3DD-4E4B-AFD0-2911B9B950EB}.Debug|Win32.Build.0 = Debug|Win32
		{C95392C2-A3DD-4E4B-AFD0-2911B9B950EB}.Release|Win32.ActiveCfg = Release|Win32
		{C95392C2-A3DD-4E4B-AFD0-2911B9B950EB}.Release|Win32.Build.0 = Release|Win32
	EndGlobalSection
	GlobalSection(SolutionProperties) = preSolution
		HideSolutionNode = FALSE
	EndGlobalSection
EndGlobal
